
Microsoft Visual Studio Solution File, Format Version 12.00
# Visual Studio Version 16
VisualStudioVersion = 16.0.31112.23
MinimumVisualStudioVersion = 10.0.40219.1
Project("{FAE04EC0-301F-11D3-BF4B-00C04F79EFBC}") = "Vidly", "Vidly.csproj", "{E738C7B4-C2E3-4C0E-B0AF-C49D125DAC37}"
EndProject
Global
	GlobalSection(SolutionConfigurationPlatforms) = preSolution
		Debug|Any CPU = Debug|Any CPU
		Release|Any CPU = Release|Any CPU
	EndGlobalSection
	GlobalSection(ProjectConfigurationPlatforms) = postSolution
		{E738C7B4-C2E3-4C0E-B0AF-C49D125DAC37}.Debug|Any CPU.ActiveCfg = Debug|Any CPU
		{E738C7B4-C2E3-4C0E-B0AF-C49D125DAC37}.Debug|Any CPU.Build.0 = Debug|Any CPU
		{E738C7B4-C2E3-4C0E-B0AF-C49D125DAC37}.Release|Any CPU.ActiveCfg = Release|Any CPU
		{E738C7B4-C2E3-4C0E-B0AF-C49D125DAC37}.Release|Any CPU.Build.0 = Release|Any CPU
	EndGlobalSection
	GlobalSection(SolutionProperties) = preSolution
		HideSolutionNode = FALSE
	EndGlobalSection
	GlobalSection(ExtensibilityGlobals) = postSolution
		SolutionGuid = {10288713-EE9F-44DE-8D89-5ABEB8A92E5F}
	EndGlobalSection
EndGlobal
